// !$*UTF8*$!
{
	archiveVersion = 1;
	classes = {
	};
	objectVersion = 55;
	objects = {

/* Begin PBXBuildFile section */
		84061E70287FE3920027D8FE /* AppDelegate.swift in Sources */ = {isa = PBXBuildFile; fileRef = 84061E6F287FE3920027D8FE /* AppDelegate.swift */; };
		84061E72287FE3920027D8FE /* SceneDelegate.swift in Sources */ = {isa = PBXBuildFile; fileRef = 84061E71287FE3920027D8FE /* SceneDelegate.swift */; };
		84061E77287FE3920027D8FE /* Main.storyboard in Resources */ = {isa = PBXBuildFile; fileRef = 84061E75287FE3920027D8FE /* Main.storyboard */; };
		84061E79287FE3940027D8FE /* Assets.xcassets in Resources */ = {isa = PBXBuildFile; fileRef = 84061E78287FE3940027D8FE /* Assets.xcassets */; };
		84061E7C287FE3940027D8FE /* LaunchScreen.storyboard in Resources */ = {isa = PBXBuildFile; fileRef = 84061E7A287FE3940027D8FE /* LaunchScreen.storyboard */; };
		84061E85287FE6900027D8FE /* SplashController.swift in Sources */ = {isa = PBXBuildFile; fileRef = 84061E84287FE6900027D8FE /* SplashController.swift */; };
		84061E88287FE72C0027D8FE /* Extension.swift in Sources */ = {isa = PBXBuildFile; fileRef = 84061E87287FE72C0027D8FE /* Extension.swift */; };
		84061E8A287FE9D50027D8FE /* AudioListController.swift in Sources */ = {isa = PBXBuildFile; fileRef = 84061E89287FE9D50027D8FE /* AudioListController.swift */; };
		84061E8F287FEF710027D8FE /* AudioAdapter.swift in Sources */ = {isa = PBXBuildFile; fileRef = 84061E8E287FEF710027D8FE /* AudioAdapter.swift */; };
		84061E93287FF0DA0027D8FE /* AudioTableCell.swift in Sources */ = {isa = PBXBuildFile; fileRef = 84061E91287FF0DA0027D8FE /* AudioTableCell.swift */; };
		84061E94287FF0DA0027D8FE /* AudioTableCell.xib in Resources */ = {isa = PBXBuildFile; fileRef = 84061E92287FF0DA0027D8FE /* AudioTableCell.xib */; };
		84061E96287FF2D70027D8FE /* Enums.swift in Sources */ = {isa = PBXBuildFile; fileRef = 84061E95287FF2D70027D8FE /* Enums.swift */; };
		84061E98288000B90027D8FE /* AudioPicker.swift in Sources */ = {isa = PBXBuildFile; fileRef = 84061E97288000B90027D8FE /* AudioPicker.swift */; };
/* End PBXBuildFile section */

/* Begin PBXFileReference section */
		84061E6C287FE3920027D8FE /* AudioListing.app */ = {isa = PBXFileReference; explicitFileType = wrapper.application; includeInIndex = 0; path = AudioListing.app; sourceTree = BUILT_PRODUCTS_DIR; };
		84061E6F287FE3920027D8FE /* AppDelegate.swift */ = {isa = PBXFileReference; lastKnownFileType = sourcecode.swift; path = AppDelegate.swift; sourceTree = "<group>"; };
		84061E71287FE3920027D8FE /* SceneDelegate.swift */ = {isa = PBXFileReference; lastKnownFileType = sourcecode.swift; path = SceneDelegate.swift; sourceTree = "<group>"; };
		84061E76287FE3920027D8FE /* Base */ = {isa = PBXFileReference; lastKnownFileType = file.storyboard; name = Base; path = Base.lproj/Main.storyboard; sourceTree = "<group>"; };
		84061E78287FE3940027D8FE /* Assets.xcassets */ = {isa = PBXFileReference; lastKnownFileType = folder.assetcatalog; path = Assets.xcassets; sourceTree = "<group>"; };
		84061E7B287FE3940027D8FE /* Base */ = {isa = PBXFileReference; lastKnownFileType = file.storyboard; name = Base; path = Base.lproj/LaunchScreen.storyboard; sourceTree = "<group>"; };
		84061E7D287FE3940027D8FE /* Info.plist */ = {isa = PBXFileReference; lastKnownFileType = text.plist.xml; path = Info.plist; sourceTree = "<group>"; };
		84061E84287FE6900027D8FE /* SplashController.swift */ = {isa = PBXFileReference; lastKnownFileType = sourcecode.swift; path = SplashController.swift; sourceTree = "<group>"; };
		84061E87287FE72C0027D8FE /* Extension.swift */ = {isa = PBXFileReference; lastKnownFileType = sourcecode.swift; path = Extension.swift; sourceTree = "<group>"; };
		84061E89287FE9D50027D8FE /* AudioListController.swift */ = {isa = PBXFileReference; lastKnownFileType = sourcecode.swift; path = AudioListController.swift; sourceTree = "<group>"; };
		84061E8E287FEF710027D8FE /* AudioAdapter.swift */ = {isa = PBXFileReference; lastKnownFileType = sourcecode.swift; path = AudioAdapter.swift; sourceTree = "<group>"; };
		84061E91287FF0DA0027D8FE /* AudioTableCell.swift */ = {isa = PBXFileReference; lastKnownFileType = sourcecode.swift; path = AudioTableCell.swift; sourceTree = "<group>"; };
		84061E92287FF0DA0027D8FE /* AudioTableCell.xib */ = {isa = PBXFileReference; lastKnownFileType = file.xib; path = AudioTableCell.xib; sourceTree = "<group>"; };
		84061E95287FF2D70027D8FE /* Enums.swift */ = {isa = PBXFileReference; lastKnownFileType = sourcecode.swift; path = Enums.swift; sourceTree = "<group>"; };
		84061E97288000B90027D8FE /* AudioPicker.swift */ = {isa = PBXFileReference; lastKnownFileType = sourcecode.swift; path = AudioPicker.swift; sourceTree = "<group>"; };
/* End PBXFileReference section */

/* Begin PBXFrameworksBuildPhase section */
		84061E69287FE3920027D8FE /* Frameworks */ = {
			isa = PBXFrameworksBuildPhase;
			buildActionMask = 2147483647;
			files = (
			);
			runOnlyForDeploymentPostprocessing = 0;
		};
/* End PBXFrameworksBuildPhase section */

/* Begin PBXGroup section */
		84061E63287FE3920027D8FE = {
			isa = PBXGroup;
			children = (
				84061E6E287FE3920027D8FE /* AudioListing */,
				84061E6D287FE3920027D8FE /* Products */,
			);
			sourceTree = "<group>";
		};
		84061E6D287FE3920027D8FE /* Products */ = {
			isa = PBXGroup;
			children = (
				84061E6C287FE3920027D8FE /* AudioListing.app */,
			);
			name = Products;
			sourceTree = "<group>";
		};
		84061E6E287FE3920027D8FE /* AudioListing */ = {
			isa = PBXGroup;
			children = (
				84061E86287FE7140027D8FE /* Common */,
				84061E83287FE66D0027D8FE /* Controllers */,
				84061E6F287FE3920027D8FE /* AppDelegate.swift */,
				84061E71287FE3920027D8FE /* SceneDelegate.swift */,
				84061E75287FE3920027D8FE /* Main.storyboard */,
				84061E78287FE3940027D8FE /* Assets.xcassets */,
				84061E7A287FE3940027D8FE /* LaunchScreen.storyboard */,
				84061E7D287FE3940027D8FE /* Info.plist */,
			);
			path = AudioListing;
			sourceTree = "<group>";
		};
		84061E83287FE66D0027D8FE /* Controllers */ = {
			isa = PBXGroup;
			children = (
				84061E8C287FEF320027D8FE /* Audio */,
				84061E8B287FEF270027D8FE /* Splash */,
			);
			path = Controllers;
			sourceTree = "<group>";
		};
		84061E86287FE7140027D8FE /* Common */ = {
			isa = PBXGroup;
			children = (
				84061E87287FE72C0027D8FE /* Extension.swift */,
				84061E95287FF2D70027D8FE /* Enums.swift */,
				84061E97288000B90027D8FE /* AudioPicker.swift */,
			);
			path = Common;
			sourceTree = "<group>";
		};
		84061E8B287FEF270027D8FE /* Splash */ = {
			isa = PBXGroup;
			children = (
				84061E84287FE6900027D8FE /* SplashController.swift */,
			);
			path = Splash;
			sourceTree = "<group>";
		};
		84061E8C287FEF320027D8FE /* Audio */ = {
			isa = PBXGroup;
			children = (
				84061E8D287FEF3C0027D8FE /* Adapter */,
				84061E89287FE9D50027D8FE /* AudioListController.swift */,
			);
			path = Audio;
			sourceTree = "<group>";
		};
		84061E8D287FEF3C0027D8FE /* Adapter */ = {
			isa = PBXGroup;
			children = (
				84061E90287FF0BB0027D8FE /* Cells */,
				84061E8E287FEF710027D8FE /* AudioAdapter.swift */,
			);
			path = Adapter;
			sourceTree = "<group>";
		};
		84061E90287FF0BB0027D8FE /* Cells */ = {
			isa = PBXGroup;
			children = (
				84061E91287FF0DA0027D8FE /* AudioTableCell.swift */,
				84061E92287FF0DA0027D8FE /* AudioTableCell.xib */,
			);
			path = Cells;
			sourceTree = "<group>";
		};
/* End PBXGroup section */

/* Begin PBXNativeTarget section */
		84061E6B287FE3920027D8FE /* AudioListing */ = {
			isa = PBXNativeTarget;
			buildConfigurationList = 84061E80287FE3940027D8FE /* Build configuration list for PBXNativeTarget "AudioListing" */;
			buildPhases = (
				84061E68287FE3920027D8FE /* Sources */,
				84061E69287FE3920027D8FE /* Frameworks */,
				84061E6A287FE3920027D8FE /* Resources */,
			);
			buildRules = (
			);
			dependencies = (
			);
			name = AudioListing;
			productName = AudioListing;
			productReference = 84061E6C287FE3920027D8FE /* AudioListing.app */;
			productType = "com.apple.product-type.application";
		};
/* End PBXNativeTarget section */

/* Begin PBXProject section */
		84061E64287FE3920027D8FE /* Project object */ = {
			isa = PBXProject;
			attributes = {
				BuildIndependentTargetsInParallel = 1;
				LastSwiftUpdateCheck = 1330;
				LastUpgradeCheck = 1330;
				TargetAttributes = {
					84061E6B287FE3920027D8FE = {
						CreatedOnToolsVersion = 13.3.1;
					};
				};
			};
			buildConfigurationList = 84061E67287FE3920027D8FE /* Build configuration list for PBXProject "AudioListing" */;
			compatibilityVersion = "Xcode 13.0";
			developmentRegion = en;
			hasScannedForEncodings = 0;
			knownRegions = (
				en,
				Base,
			);
			mainGroup = 84061E63287FE3920027D8FE;
			productRefGroup = 84061E6D287FE3920027D8FE /* Products */;
			projectDirPath = "";
			projectRoot = "";
			targets = (
				84061E6B287FE3920027D8FE /* AudioListing */,
			);
		};
/* End PBXProject section */

/* Begin PBXResourcesBuildPhase section */
		84061E6A287FE3920027D8FE /* Resources */ = {
			isa = PBXResourcesBuildPhase;
			buildActionMask = 2147483647;
			files = (
				84061E7C287FE3940027D8FE /* LaunchScreen.storyboard in Resources */,
				84061E94287FF0DA0027D8FE /* AudioTableCell.xib in Resources */,
				84061E79287FE3940027D8FE /* Assets.xcassets in Resources */,
				84061E77287FE3920027D8FE /* Main.storyboard in Resources */,
			);
			runOnlyForDeploymentPostprocessing = 0;
		};
/* End PBXResourcesBuildPhase section */

/* Begin PBXSourcesBuildPhase section */
		84061E68287FE3920027D8FE /* Sources */ = {
			isa = PBXSourcesBuildPhase;
			buildActionMask = 2147483647;
			files = (
				84061E8F287FEF710027D8FE /* AudioAdapter.swift in Sources */,
				84061E70287FE3920027D8FE /* AppDelegate.swift in Sources */,
				84061E72287FE3920027D8FE /* SceneDelegate.swift in Sources */,
				84061E85287FE6900027D8FE /* SplashController.swift in Sources */,
				84061E8A287FE9D50027D8FE /* AudioListController.swift in Sources */,
				84061E93287FF0DA0027D8FE /* AudioTableCell.swift in Sources */,
				84061E98288000B90027D8FE /* AudioPicker.swift in Sources */,
				84061E96287FF2D70027D8FE /* Enums.swift in Sources */,
				84061E88287FE72C0027D8FE /* Extension.swift in Sources */,
			);
			runOnlyForDeploymentPostprocessing = 0;
		};
/* End PBXSourcesBuildPhase section */

/* Begin PBXVariantGroup section */
		84061E75287FE3920027D8FE /* Main.storyboard */ = {
			isa = PBXVariantGroup;
			children = (
				84061E76287FE3920027D8FE /* Base */,
			);
			name = Main.storyboard;
			sourceTree = "<group>";
		};
		84061E7A287FE3940027D8FE /* LaunchScreen.storyboard */ = {
			isa = PBXVariantGroup;
			children = (
				84061E7B287FE3940027D8FE /* Base */,
			);
			name = LaunchScreen.storyboard;
			sourceTree = "<group>";
		};
/* End PBXVariantGroup section */

/* Begin XCBuildConfiguration section */
		84061E7E287FE3940027D8FE /* Debug */ = {
			isa = XCBuildConfiguration;
			buildSettings = {
				ALWAYS_SEARCH_USER_PATHS = NO;
				CLANG_ANALYZER_NONNULL = YES;
				CLANG_ANALYZER_NUMBER_OBJECT_CONVERSION = YES_AGGRESSIVE;
				CLANG_CXX_LANGUAGE_STANDARD = "gnu++17";
				CLANG_ENABLE_MODULES = YES;
				CLANG_ENABLE_OBJC_ARC = YES;
				CLANG_ENABLE_OBJC_WEAK = YES;
				CLANG_WARN_BLOCK_CAPTURE_AUTORELEASING = YES;
				CLANG_WARN_BOOL_CONVERSION = YES;
				CLANG_WARN_COMMA = YES;
				CLANG_WARN_CONSTANT_CONVERSION = YES;
				CLANG_WARN_DEPRECATED_OBJC_IMPLEMENTATIONS = YES;
				CLANG_WARN_DIRECT_OBJC_ISA_USAGE = YES_ERROR;
				CLANG_WARN_DOCUMENTATION_COMMENTS = YES;
				CLANG_WARN_EMPTY_BODY = YES;
				CLANG_WARN_ENUM_CONVERSION = YES;
				CLANG_WARN_INFINITE_RECURSION = YES;
				CLANG_WARN_INT_CONVERSION = YES;
				CLANG_WARN_NON_LITERAL_NULL_CONVERSION = YES;
				CLANG_WARN_OBJC_IMPLICIT_RETAIN_SELF = YES;
				CLANG_WARN_OBJC_LITERAL_CONVERSION = YES;
				CLANG_WARN_OBJC_ROOT_CLASS = YES_ERROR;
				CLANG_WARN_QUOTED_INCLUDE_IN_FRAMEWORK_HEADER = YES;
				CLANG_WARN_RANGE_LOOP_ANALYSIS = YES;
				CLANG_WARN_STRICT_PROTOTYPES = YES;
				CLANG_WARN_SUSPICIOUS_MOVE = YES;
				CLANG_WARN_UNGUARDED_AVAILABILITY = YES_AGGRESSIVE;
				CLANG_WARN_UNREACHABLE_CODE = YES;
				CLANG_WARN__DUPLICATE_METHOD_MATCH = YES;
				COPY_PHASE_STRIP = NO;
				DEBUG_INFORMATION_FORMAT = dwarf;
				ENABLE_STRICT_OBJC_MSGSEND = YES;
				ENABLE_TESTABILITY = YES;
				GCC_C_LANGUAGE_STANDARD = gnu11;
				GCC_DYNAMIC_NO_PIC = NO;
				GCC_NO_COMMON_BLOCKS = YES;
				GCC_OPTIMIZATION_LEVEL = 0;
				GCC_PREPROCESSOR_DEFINITIONS = (
					"DEBUG=1",
					"$(inherited)",
				);
				GCC_WARN_64_TO_32_BIT_CONVERSION = YES;
				GCC_WARN_ABOUT_RETURN_TYPE = YES_ERROR;
				GCC_WARN_UNDECLARED_SELECTOR = YES;
				GCC_WARN_UNINITIALIZED_AUTOS = YES_AGGRESSIVE;
				GCC_WARN_UNUSED_FUNCTION = YES;
				GCC_WARN_UNUSED_VARIABLE = YES;
				IPHONEOS_DEPLOYMENT_TARGET = 15.4;
				MTL_ENABLE_DEBUG_INFO = INCLUDE_SOURCE;
				MTL_FAST_MATH = YES;
				ONLY_ACTIVE_ARCH = YES;
				SDKROOT = iphoneos;
				SWIFT_ACTIVE_COMPILATION_CONDITIONS = DEBUG;
				SWIFT_OPTIMIZATION_LEVEL = "-Onone";
			};
			name = Debug;
		};
		84061E7F287FE3940027D8FE /* Release */ = {
			isa = XCBuildConfiguration;
			buildSettings = {
				ALWAYS_SEARCH_USER_PATHS = NO;
				CLANG_ANALYZER_NONNULL = YES;
				CLANG_ANALYZER_NUMBER_OBJECT_CONVERSION = YES_AGGRESSIVE;
				CLANG_CXX_LANGUAGE_STANDARD = "gnu++17";
				CLANG_ENABLE_MODULES = YES;
				CLANG_ENABLE_OBJC_ARC = YES;
				CLANG_ENABLE_OBJC_WEAK = YES;
				CLANG_WARN_BLOCK_CAPTURE_AUTORELEASING = YES;
				CLANG_WARN_BOOL_CONVERSION = YES;
				CLANG_WARN_COMMA = YES;
				CLANG_WARN_CONSTANT_CONVERSION = YES;
				CLANG_WARN_DEPRECATED_OBJC_IMPLEMENTATIONS = YES;
				CLANG_WARN_DIRECT_OBJC_ISA_USAGE = YES_ERROR;
				CLANG_WARN_DOCUMENTATION_COMMENTS = YES;
				CLANG_WARN_EMPTY_BODY = YES;
				CLANG_WARN_ENUM_CONVERSION = YES;
				CLANG_WARN_INFINITE_RECURSION = YES;
				CLANG_WARN_INT_CONVERSION = YES;
				CLANG_WARN_NON_LITERAL_NULL_CONVERSION = YES;
				CLANG_WARN_OBJC_IMPLICIT_RETAIN_SELF = YES;
				CLANG_WARN_OBJC_LITERAL_CONVERSION = YES;
				CLANG_WARN_OBJC_ROOT_CLASS = YES_ERROR;
				CLANG_WARN_QUOTED_INCLUDE_IN_FRAMEWORK_HEADER = YES;
				CLANG_WARN_RANGE_LOOP_ANALYSIS = YES;
				CLANG_WARN_STRICT_PROTOTYPES = YES;
				CLANG_WARN_SUSPICIOUS_MOVE = YES;
				CLANG_WARN_UNGUARDED_AVAILABILITY = YES_AGGRESSIVE;
				CLANG_WARN_UNREACHABLE_CODE = YES;
				CLANG_WARN__DUPLICATE_METHOD_MATCH = YES;
				COPY_PHASE_STRIP = NO;
				DEBUG_INFORMATION_FORMAT = "dwarf-with-dsym";
				ENABLE_NS_ASSERTIONS = NO;
				ENABLE_STRICT_OBJC_MSGSEND = YES;
				GCC_C_LANGUAGE_STANDARD = gnu11;
				GCC_NO_COMMON_BLOCKS = YES;
				GCC_WARN_64_TO_32_BIT_CONVERSION = YES;
				GCC_WARN_ABOUT_RETURN_TYPE = YES_ERROR;
				GCC_WARN_UNDECLARED_SELECTOR = YES;
				GCC_WARN_UNINITIALIZED_AUTOS = YES_AGGRESSIVE;
				GCC_WARN_UNUSED_FUNCTION = YES;
				GCC_WARN_UNUSED_VARIABLE = YES;
				IPHONEOS_DEPLOYMENT_TARGET = 15.4;
				MTL_ENABLE_DEBUG_INFO = NO;
				MTL_FAST_MATH = YES;
				SDKROOT = iphoneos;
				SWIFT_COMPILATION_MODE = wholemodule;
				SWIFT_OPTIMIZATION_LEVEL = "-O";
				VALIDATE_PRODUCT = YES;
			};
			name = Release;
		};
		84061E81287FE3940027D8FE /* Debug */ = {
			isa = XCBuildConfiguration;
			buildSettings = {
				ASSETCATALOG_COMPILER_APPICON_NAME = AppIcon;
				ASSETCATALOG_COMPILER_GLOBAL_ACCENT_COLOR_NAME = AccentColor;
				CODE_SIGN_STYLE = Automatic;
				CURRENT_PROJECT_VERSION = 1;
				GENERATE_INFOPLIST_FILE = YES;
				INFOPLIST_FILE = AudioListing/Info.plist;
				INFOPLIST_KEY_UIApplicationSupportsIndirectInputEvents = YES;
				INFOPLIST_KEY_UILaunchStoryboardName = LaunchScreen;
				INFOPLIST_KEY_UIMainStoryboardFile = Main;
				INFOPLIST_KEY_UISupportedInterfaceOrientations_iPad = "UIInterfaceOrientationPortrait UIInterfaceOrientationPortraitUpsideDown UIInterfaceOrientationLandscapeLeft UIInterfaceOrientationLandscapeRight";
				INFOPLIST_KEY_UISupportedInterfaceOrientations_iPhone = "UIInterfaceOrientationPortrait UIInterfaceOrientationLandscapeLeft UIInterfaceOrientationLandscapeRight";
				LD_RUNPATH_SEARCH_PATHS = (
					"$(inherited)",
					"@executable_path/Frameworks",
				);
				MARKETING_VERSION = 1.0;
				PRODUCT_BUNDLE_IDENTIFIER = O2geeks.AudioListing;
				PRODUCT_NAME = "$(TARGET_NAME)";
				SWIFT_EMIT_LOC_STRINGS = YES;
				SWIFT_VERSION = 5.0;
				TARGETED_DEVICE_FAMILY = "1,2";
			};
			name = Debug;
		};
		84061E82287FE3940027D8FE /* Release */ = {
			isa = XCBuildConfiguration;
			buildSettings = {
				ASSETCATALOG_COMPILER_APPICON_NAME = AppIcon;
				ASSETCATALOG_COMPILER_GLOBAL_ACCENT_COLOR_NAME = AccentColor;
				CODE_SIGN_STYLE = Automatic;
				CURRENT_PROJECT_VERSION = 1;
				GENERATE_INFOPLIST_FILE = YES;
				INFOPLIST_FILE = AudioListing/Info.plist;
				INFOPLIST_KEY_UIApplicationSupportsIndirectInputEvents = YES;
				INFOPLIST_KEY_UILaunchStoryboardName = LaunchScreen;
				INFOPLIST_KEY_UIMainStoryboardFile = Main;
				INFOPLIST_KEY_UISupportedInterfaceOrientations_iPad = "UIInterfaceOrientationPortrait UIInterfaceOrientationPortraitUpsideDown UIInterfaceOrientationLandscapeLeft UIInterfaceOrientationLandscapeRight";
				INFOPLIST_KEY_UISupportedInterfaceOrientations_iPhone = "UIInterfaceOrientationPortrait UIInterfaceOrientationLandscapeLeft UIInterfaceOrientationLandscapeRight";
				LD_RUNPATH_SEARCH_PATHS = (
					"$(inherited)",
					"@executable_path/Frameworks",
				);
				MARKETING_VERSION = 1.0;
				PRODUCT_BUNDLE_IDENTIFIER = O2geeks.AudioListing;
				PRODUCT_NAME = "$(TARGET_NAME)";
				SWIFT_EMIT_LOC_STRINGS = YES;
				SWIFT_VERSION = 5.0;
				TARGETED_DEVICE_FAMILY = "1,2";
			};
			name = Release;
		};
/* End XCBuildConfiguration section */

/* Begin XCConfigurationList section */
		84061E67287FE3920027D8FE /* Build configuration list for PBXProject "AudioListing" */ = {
			isa = XCConfigurationList;
			buildConfigurations = (
				84061E7E287FE3940027D8FE /* Debug */,
				84061E7F287FE3940027D8FE /* Release */,
			);
			defaultConfigurationIsVisible = 0;
			defaultConfigurationName = Release;
		};
		84061E80287FE3940027D8FE /* Build configuration list for PBXNativeTarget "AudioListing" */ = {
			isa = XCConfigurationList;
			buildConfigurations = (
				84061E81287FE3940027D8FE /* Debug */,
				84061E82287FE3940027D8FE /* Release */,
			);
			defaultConfigurationIsVisible = 0;
			defaultConfigurationName = Release;
		};
/* End XCConfigurationList section */
	};
	rootObject = 84061E64287FE3920027D8FE /* Project object */;
}
